
Microsoft Visual Studio Solution File, Format Version 12.00
# Visual Studio Version 17
VisualStudioVersion = 17.0.31903.59
MinimumVisualStudioVersion = 10.0.40219.1
Project("{2150E333-8FDC-42A3-9474-1A3956D46DE8}") = "src", "src", "{827E0CD3-B72D-47B6-A68D-7590B98EB39B}"
EndProject
Project("{2150E333-8FDC-42A3-9474-1A3956D46DE8}") = "Shared", "Shared", "{C8E42992-5E42-0C2B-DBFE-AA848D06431C}"
EndProject
Project("{FAE04EC0-301F-11D3-BF4B-00C04F79EFBC}") = "JobTracker.SharedKernel", "src\Shared\JobTracker.SharedKernel\JobTracker.SharedKernel.csproj", "{708FA7C4-56C1-49B6-9C1C-AC4607FDAA5C}"
EndProject
Project("{2150E333-8FDC-42A3-9474-1A3956D46DE8}") = "Modules", "Modules", "{EC447DCF-ABFA-6E24-52A5-D7FD48A5C558}"
EndProject
Project("{2150E333-8FDC-42A3-9474-1A3956D46DE8}") = "Jobs", "Jobs", "{72D90D98-2977-7949-81F5-CA55A7205F48}"
EndProject
Project("{FAE04EC0-301F-11D3-BF4B-00C04F79EFBC}") = "JobTracker.Modules.Jobs.Domain", "src\Modules\Jobs\JobTracker.Modules.Jobs.Domain\JobTracker.Modules.Jobs.Domain.csproj", "{A82FA0D4-116D-4195-B42A-B1FEF9376C05}"
EndProject
Project("{FAE04EC0-301F-11D3-BF4B-00C04F79EFBC}") = "JobTracker.Modules.Jobs.Application", "src\Modules\Jobs\JobTracker.Modules.Jobs.Application\JobTracker.Modules.Jobs.Application.csproj", "{E6A32352-DCFB-4817-B18E-C69E4BDC5EE2}"
EndProject
Project("{FAE04EC0-301F-11D3-BF4B-00C04F79EFBC}") = "JobTracker.Modules.Jobs.Infrastructure", "src\Modules\Jobs\JobTracker.Modules.Jobs.Infrastructure\JobTracker.Modules.Jobs.Infrastructure.csproj", "{216EA722-6E13-4620-AA92-E85AA2A3026A}"
EndProject
Project("{FAE04EC0-301F-11D3-BF4B-00C04F79EFBC}") = "JobTracker.Modules.Jobs.IntegrationEvents", "src\Modules\Jobs\JobTracker.Modules.Jobs.IntegrationEvents\JobTracker.Modules.Jobs.IntegrationEvents.csproj", "{9F893C5B-E534-4AF9-B97B-8F0202CF03A9}"
EndProject
Project("{2150E333-8FDC-42A3-9474-1A3956D46DE8}") = "Billing", "Billing", "{61DCC6D7-ECE4-129F-6A42-39B2DD414C68}"
EndProject
Project("{FAE04EC0-301F-11D3-BF4B-00C04F79EFBC}") = "JobTracker.Modules.Billing.Domain", "src\Modules\Billing\JobTracker.Modules.Billing.Domain\JobTracker.Modules.Billing.Domain.csproj", "{A2B87967-FFFC-49DE-8F4F-53C6851EC5DE}"
EndProject
Project("{FAE04EC0-301F-11D3-BF4B-00C04F79EFBC}") = "JobTracker.Modules.Billing.Application", "src\Modules\Billing\JobTracker.Modules.Billing.Application\JobTracker.Modules.Billing.Application.csproj", "{F45822AE-AB11-4843-A0A2-0CA90C792EFD}"
EndProject
Project("{FAE04EC0-301F-11D3-BF4B-00C04F79EFBC}") = "JobTracker.Modules.Billing.Infrastructure", "src\Modules\Billing\JobTracker.Modules.Billing.Infrastructure\JobTracker.Modules.Billing.Infrastructure.csproj", "{BDECC1CD-8BC9-4E7B-9159-8A0A31197B2C}"
EndProject
Project("{FAE04EC0-301F-11D3-BF4B-00C04F79EFBC}") = "JobTracker.Modules.Billing.IntegrationEvents", "src\Modules\Billing\JobTracker.Modules.Billing.IntegrationEvents\JobTracker.Modules.Billing.IntegrationEvents.csproj", "{F680C2EB-C3CB-4050-8845-125AA361E493}"
EndProject
Project("{2150E333-8FDC-42A3-9474-1A3956D46DE8}") = "Api", "Api", "{81034408-37C8-1011-444E-4C15C2FADA8E}"
EndProject
Project("{FAE04EC0-301F-11D3-BF4B-00C04F79EFBC}") = "JobTracker.Api", "src\Api\JobTracker.Api\JobTracker.Api.csproj", "{DEDBADB5-D15C-4653-95A5-981D0340D285}"
EndProject
Project("{2150E333-8FDC-42A3-9474-1A3956D46DE8}") = "tests", "tests", "{0AB3BF05-4346-4AA6-1389-037BE0695223}"
EndProject
Project("{FAE04EC0-301F-11D3-BF4B-00C04F79EFBC}") = "JobTracker.Modules.Jobs.Domain.Tests", "tests\JobTracker.Modules.Jobs.Domain.Tests\JobTracker.Modules.Jobs.Domain.Tests.csproj", "{080A4AD8-2FCE-4279-907F-A8ED4C4FF45C}"
EndProject
Project("{FAE04EC0-301F-11D3-BF4B-00C04F79EFBC}") = "JobTracker.Modules.Jobs.Application.Tests", "tests\JobTracker.Modules.Jobs.Application.Tests\JobTracker.Modules.Jobs.Application.Tests.csproj", "{F2F4A99E-18DA-4243-BA0D-F66B53F93C67}"
EndProject
Project("{FAE04EC0-301F-11D3-BF4B-00C04F79EFBC}") = "JobTracker.ArchitectureTests", "tests\JobTracker.ArchitectureTests\JobTracker.ArchitectureTests.csproj", "{533EAC90-B3C1-42E3-8603-D77305B0E737}"
EndProject
Global
	GlobalSection(SolutionConfigurationPlatforms) = preSolution
		Debug|Any CPU = Debug|Any CPU
		Debug|x64 = Debug|x64
		Debug|x86 = Debug|x86
		Release|Any CPU = Release|Any CPU
		Release|x64 = Release|x64
		Release|x86 = Release|x86
	EndGlobalSection
	GlobalSection(ProjectConfigurationPlatforms) = postSolution
		{708FA7C4-56C1-49B6-9C1C-AC4607FDAA5C}.Debug|Any CPU.ActiveCfg = Debug|Any CPU
		{708FA7C4-56C1-49B6-9C1C-AC4607FDAA5C}.Debug|Any CPU.Build.0 = Debug|Any CPU
		{708FA7C4-56C1-49B6-9C1C-AC4607FDAA5C}.Debug|x64.ActiveCfg = Debug|Any CPU
		{708FA7C4-56C1-49B6-9C1C-AC4607FDAA5C}.Debug|x64.Build.0 = Debug|Any CPU
		{708FA7C4-56C1-49B6-9C1C-AC4607FDAA5C}.Debug|x86.ActiveCfg = Debug|Any CPU
		{708FA7C4-56C1-49B6-9C1C-AC4607FDAA5C}.Debug|x86.Build.0 = Debug|Any CPU
		{708FA7C4-56C1-49B6-9C1C-AC4607FDAA5C}.Release|Any CPU.ActiveCfg = Release|Any CPU
		{708FA7C4-56C1-49B6-9C1C-AC4607FDAA5C}.Release|Any CPU.Build.0 = Release|Any CPU
		{708FA7C4-56C1-49B6-9C1C-AC4607FDAA5C}.Release|x64.ActiveCfg = Release|Any CPU
		{708FA7C4-56C1-49B6-9C1C-AC4607FDAA5C}.Release|x64.Build.0 = Release|Any CPU
		{708FA7C4-56C1-49B6-9C1C-AC4607FDAA5C}.Release|x86.ActiveCfg = Release|Any CPU
		{708FA7C4-56C1-49B6-9C1C-AC4607FDAA5C}.Release|x86.Build.0 = Release|Any CPU
		{A82FA0D4-116D-4195-B42A-B1FEF9376C05}.Debug|Any CPU.ActiveCfg = Debug|Any CPU
		{A82FA0D4-116D-4195-B42A-B1FEF9376C05}.Debug|Any CPU.Build.0 = Debug|Any CPU
		{A82FA0D4-116D-4195-B42A-B1FEF9376C05}.Debug|x64.ActiveCfg = Debug|Any CPU
		{A82FA0D4-116D-4195-B42A-B1FEF9376C05}.Debug|x64.Build.0 = Debug|Any CPU
		{A82FA0D4-116D-4195-B42A-B1FEF9376C05}.Debug|x86.ActiveCfg = Debug|Any CPU
		{A82FA0D4-116D-4195-B42A-B1FEF9376C05}.Debug|x86.Build.0 = Debug|Any CPU
		{A82FA0D4-116D-4195-B42A-B1FEF9376C05}.Release|Any CPU.ActiveCfg = Release|Any CPU
		{A82FA0D4-116D-4195-B42A-B1FEF9376C05}.Release|Any CPU.Build.0 = Release|Any CPU
		{A82FA0D4-116D-4195-B42A-B1FEF9376C05}.Release|x64.ActiveCfg = Release|Any CPU
		{A82FA0D4-116D-4195-B42A-B1FEF9376C05}.Release|x64.Build.0 = Release|Any CPU
		{A82FA0D4-116D-4195-B42A-B1FEF9376C05}.Release|x86.ActiveCfg = Release|Any CPU
		{A82FA0D4-116D-4195-B42A-B1FEF9376C05}.Release|x86.Build.0 = Release|Any CPU
		{E6A32352-DCFB-4817-B18E-C69E4BDC5EE2}.Debug|Any CPU.ActiveCfg = Debug|Any CPU
		{E6A32352-DCFB-4817-B18E-C69E4BDC5EE2}.Debug|Any CPU.Build.0 = Debug|Any CPU
		{E6A32352-DCFB-4817-B18E-C69E4BDC5EE2}.Debug|x64.ActiveCfg = Debug|Any CPU
		{E6A32352-DCFB-4817-B18E-C69E4BDC5EE2}.Debug|x64.Build.0 = Debug|Any CPU
		{E6A32352-DCFB-4817-B18E-C69E4BDC5EE2}.Debug|x86.ActiveCfg = Debug|Any CPU
		{E6A32352-DCFB-4817-B18E-C69E4BDC5EE2}.Debug|x86.Build.0 = Debug|Any CPU
		{E6A32352-DCFB-4817-B18E-C69E4BDC5EE2}.Release|Any CPU.ActiveCfg = Release|Any CPU
		{E6A32352-DCFB-4817-B18E-C69E4BDC5EE2}.Release|Any CPU.Build.0 = Release|Any CPU
		{E6A32352-DCFB-4817-B18E-C69E4BDC5EE2}.Release|x64.ActiveCfg = Release|Any CPU
		{E6A32352-DCFB-4817-B18E-C69E4BDC5EE2}.Release|x64.Build.0 = Release|Any CPU
		{E6A32352-DCFB-4817-B18E-C69E4BDC5EE2}.Release|x86.ActiveCfg = Release|Any CPU
		{E6A32352-DCFB-4817-B18E-C69E4BDC5EE2}.Release|x86.Build.0 = Release|Any CPU
		{216EA722-6E13-4620-AA92-E85AA2A3026A}.Debug|Any CPU.ActiveCfg = Debug|Any CPU
		{216EA722-6E13-4620-AA92-E85AA2A3026A}.Debug|Any CPU.Build.0 = Debug|Any CPU
		{216EA722-6E13-4620-AA92-E85AA2A3026A}.Debug|x64.ActiveCfg = Debug|Any CPU
		{216EA722-6E13-4620-AA92-E85AA2A3026A}.Debug|x64.Build.0 = Debug|Any CPU
		{216EA722-6E13-4620-AA92-E85AA2A3026A}.Debug|x86.ActiveCfg = Debug|Any CPU
		{216EA722-6E13-4620-AA92-E85AA2A3026A}.Debug|x86.Build.0 = Debug|Any CPU
		{216EA722-6E13-4620-AA92-E85AA2A3026A}.Release|Any CPU.ActiveCfg = Release|Any CPU
		{216EA722-6E13-4620-AA92-E85AA2A3026A}.Release|Any CPU.Build.0 = Release|Any CPU
		{216EA722-6E13-4620-AA92-E85AA2A3026A}.Release|x64.ActiveCfg = Release|Any CPU
		{216EA722-6E13-4620-AA92-E85AA2A3026A}.Release|x64.Build.0 = Release|Any CPU
		{216EA722-6E13-4620-AA92-E85AA2A3026A}.Release|x86.ActiveCfg = Release|Any CPU
		{216EA722-6E13-4620-AA92-E85AA2A3026A}.Release|x86.Build.0 = Release|Any CPU
		{9F893C5B-E534-4AF9-B97B-8F0202CF03A9}.Debug|Any CPU.ActiveCfg = Debug|Any CPU
		{9F893C5B-E534-4AF9-B97B-8F0202CF03A9}.Debug|Any CPU.Build.0 = Debug|Any CPU
		{9F893C5B-E534-4AF9-B97B-8F0202CF03A9}.Debug|x64.ActiveCfg = Debug|Any CPU
		{9F893C5B-E534-4AF9-B97B-8F0202CF03A9}.Debug|x64.Build.0 = Debug|Any CPU
		{9F893C5B-E534-4AF9-B97B-8F0202CF03A9}.Debug|x86.ActiveCfg = Debug|Any CPU
		{9F893C5B-E534-4AF9-B97B-8F0202CF03A9}.Debug|x86.Build.0 = Debug|Any CPU
		{9F893C5B-E534-4AF9-B97B-8F0202CF03A9}.Release|Any CPU.ActiveCfg = Release|Any CPU
		{9F893C5B-E534-4AF9-B97B-8F0202CF03A9}.Release|Any CPU.Build.0 = Release|Any CPU
		{9F893C5B-E534-4AF9-B97B-8F0202CF03A9}.Release|x64.ActiveCfg = Release|Any CPU
		{9F893C5B-E534-4AF9-B97B-8F0202CF03A9}.Release|x64.Build.0 = Release|Any CPU
		{9F893C5B-E534-4AF9-B97B-8F0202CF03A9}.Release|x86.ActiveCfg = Release|Any CPU
		{9F893C5B-E534-4AF9-B97B-8F0202CF03A9}.Release|x86.Build.0 = Release|Any CPU
		{A2B87967-FFFC-49DE-8F4F-53C6851EC5DE}.Debug|Any CPU.ActiveCfg = Debug|Any CPU
		{A2B87967-FFFC-49DE-8F4F-53C6851EC5DE}.Debug|Any CPU.Build.0 = Debug|Any CPU
		{A2B87967-FFFC-49DE-8F4F-53C6851EC5DE}.Debug|x64.ActiveCfg = Debug|Any CPU
		{A2B87967-FFFC-49DE-8F4F-53C6851EC5DE}.Debug|x64.Build.0 = Debug|Any CPU
		{A2B87967-FFFC-49DE-8F4F-53C6851EC5DE}.Debug|x86.ActiveCfg = Debug|Any CPU
		{A2B87967-FFFC-49DE-8F4F-53C6851EC5DE}.Debug|x86.Build.0 = Debug|Any CPU
		{A2B87967-FFFC-49DE-8F4F-53C6851EC5DE}.Release|Any CPU.ActiveCfg = Release|Any CPU
		{A2B87967-FFFC-49DE-8F4F-53C6851EC5DE}.Release|Any CPU.Build.0 = Release|Any CPU
		{A2B87967-FFFC-49DE-8F4F-53C6851EC5DE}.Release|x64.ActiveCfg = Release|Any CPU
		{A2B87967-FFFC-49DE-8F4F-53C6851EC5DE}.Release|x64.Build.0 = Release|Any CPU
		{A2B87967-FFFC-49DE-8F4F-53C6851EC5DE}.Release|x86.ActiveCfg = Release|Any CPU
		{A2B87967-FFFC-49DE-8F4F-53C6851EC5DE}.Release|x86.Build.0 = Release|Any CPU
		{F45822AE-AB11-4843-A0A2-0CA90C792EFD}.Debug|Any CPU.ActiveCfg = Debug|Any CPU
		{F45822AE-AB11-4843-A0A2-0CA90C792EFD}.Debug|Any CPU.Build.0 = Debug|Any CPU
		{F45822AE-AB11-4843-A0A2-0CA90C792EFD}.Debug|x64.ActiveCfg = Debug|Any CPU
		{F45822AE-AB11-4843-A0A2-0CA90C792EFD}.Debug|x64.Build.0 = Debug|Any CPU
		{F45822AE-AB11-4843-A0A2-0CA90C792EFD}.Debug|x86.ActiveCfg = Debug|Any CPU
		{F45822AE-AB11-4843-A0A2-0CA90C792EFD}.Debug|x86.Build.0 = Debug|Any CPU
		{F45822AE-AB11-4843-A0A2-0CA90C792EFD}.Release|Any CPU.ActiveCfg = Release|Any CPU
		{F45822AE-AB11-4843-A0A2-0CA90C792EFD}.Release|Any CPU.Build.0 = Release|Any CPU
		{F45822AE-AB11-4843-A0A2-0CA90C792EFD}.Release|x64.ActiveCfg = Release|Any CPU
		{F45822AE-AB11-4843-A0A2-0CA90C792EFD}.Release|x64.Build.0 = Release|Any CPU
		{F45822AE-AB11-4843-A0A2-0CA90C792EFD}.Release|x86.ActiveCfg = Release|Any CPU
		{F45822AE-AB11-4843-A0A2-0CA90C792EFD}.Release|x86.Build.0 = Release|Any CPU
		{BDECC1CD-8BC9-4E7B-9159-8A0A31197B2C}.Debug|Any CPU.ActiveCfg = Debug|Any CPU
		{BDECC1CD-8BC9-4E7B-9159-8A0A31197B2C}.Debug|Any CPU.Build.0 = Debug|Any CPU
		{BDECC1CD-8BC9-4E7B-9159-8A0A31197B2C}.Debug|x64.ActiveCfg = Debug|Any CPU
		{BDECC1CD-8BC9-4E7B-9159-8A0A31197B2C}.Debug|x64.Build.0 = Debug|Any CPU
		{BDECC1CD-8BC9-4E7B-9159-8A0A31197B2C}.Debug|x86.ActiveCfg = Debug|Any CPU
		{BDECC1CD-8BC9-4E7B-9159-8A0A31197B2C}.Debug|x86.Build.0 = Debug|Any CPU
		{BDECC1CD-8BC9-4E7B-9159-8A0A31197B2C}.Release|Any CPU.ActiveCfg = Release|Any CPU
		{BDECC1CD-8BC9-4E7B-9159-8A0A31197B2C}.Release|Any CPU.Build.0 = Release|Any CPU
		{BDECC1CD-8BC9-4E7B-9159-8A0A31197B2C}.Release|x64.ActiveCfg = Release|Any CPU
		{BDECC1CD-8BC9-4E7B-9159-8A0A31197B2C}.Release|x64.Build.0 = Release|Any CPU
		{BDECC1CD-8BC9-4E7B-9159-8A0A31197B2C}.Release|x86.ActiveCfg = Release|Any CPU
		{BDECC1CD-8BC9-4E7B-9159-8A0A31197B2C}.Release|x86.Build.0 = Release|Any CPU
		{F680C2EB-C3CB-4050-8845-125AA361E493}.Debug|Any CPU.ActiveCfg = Debug|Any CPU
		{F680C2EB-C3CB-4050-8845-125AA361E493}.Debug|Any CPU.Build.0 = Debug|Any CPU
		{F680C2EB-C3CB-4050-8845-125AA361E493}.Debug|x64.ActiveCfg = Debug|Any CPU
		{F680C2EB-C3CB-4050-8845-125AA361E493}.Debug|x64.Build.0 = Debug|Any CPU
		{F680C2EB-C3CB-4050-8845-125AA361E493}.Debug|x86.ActiveCfg = Debug|Any CPU
		{F680C2EB-C3CB-4050-8845-125AA361E493}.Debug|x86.Build.0 = Debug|Any CPU
		{F680C2EB-C3CB-4050-8845-125AA361E493}.Release|Any CPU.ActiveCfg = Release|Any CPU
		{F680C2EB-C3CB-4050-8845-125AA361E493}.Release|Any CPU.Build.0 = Release|Any CPU
		{F680C2EB-C3CB-4050-8845-125AA361E493}.Release|x64.ActiveCfg = Release|Any CPU
		{F680C2EB-C3CB-4050-8845-125AA361E493}.Release|x64.Build.0 = Release|Any CPU
		{F680C2EB-C3CB-4050-8845-125AA361E493}.Release|x86.ActiveCfg = Release|Any CPU
		{F680C2EB-C3CB-4050-8845-125AA361E493}.Release|x86.Build.0 = Release|Any CPU
		{DEDBADB5-D15C-4653-95A5-981D0340D285}.Debug|Any CPU.ActiveCfg = Debug|Any CPU
		{DEDBADB5-D15C-4653-95A5-981D0340D285}.Debug|Any CPU.Build.0 = Debug|Any CPU
		{DEDBADB5-D15C-4653-95A5-981D0340D285}.Debug|x64.ActiveCfg = Debug|Any CPU
		{DEDBADB5-D15C-4653-95A5-981D0340D285}.Debug|x64.Build.0 = Debug|Any CPU
		{DEDBADB5-D15C-4653-95A5-981D0340D285}.Debug|x86.ActiveCfg = Debug|Any CPU
		{DEDBADB5-D15C-4653-95A5-981D0340D285}.Debug|x86.Build.0 = Debug|Any CPU
		{DEDBADB5-D15C-4653-95A5-981D0340D285}.Release|Any CPU.ActiveCfg = Release|Any CPU
		{DEDBADB5-D15C-4653-95A5-981D0340D285}.Release|Any CPU.Build.0 = Release|Any CPU
		{DEDBADB5-D15C-4653-95A5-981D0340D285}.Release|x64.ActiveCfg = Release|Any CPU
		{DEDBADB5-D15C-4653-95A5-981D0340D285}.Release|x64.Build.0 = Release|Any CPU
		{DEDBADB5-D15C-4653-95A5-981D0340D285}.Release|x86.ActiveCfg = Release|Any CPU
		{DEDBADB5-D15C-4653-95A5-981D0340D285}.Release|x86.Build.0 = Release|Any CPU
		{080A4AD8-2FCE-4279-907F-A8ED4C4FF45C}.Debug|Any CPU.ActiveCfg = Debug|Any CPU
		{080A4AD8-2FCE-4279-907F-A8ED4C4FF45C}.Debug|Any CPU.Build.0 = Debug|Any CPU
		{080A4AD8-2FCE-4279-907F-A8ED4C4FF45C}.Debug|x64.ActiveCfg = Debug|Any CPU
		{080A4AD8-2FCE-4279-907F-A8ED4C4FF45C}.Debug|x64.Build.0 = Debug|Any CPU
		{080A4AD8-2FCE-4279-907F-A8ED4C4FF45C}.Debug|x86.ActiveCfg = Debug|Any CPU
		{080A4AD8-2FCE-4279-907F-A8ED4C4FF45C}.Debug|x86.Build.0 = Debug|Any CPU
		{080A4AD8-2FCE-4279-907F-A8ED4C4FF45C}.Release|Any CPU.ActiveCfg = Release|Any CPU
		{080A4AD8-2FCE-4279-907F-A8ED4C4FF45C}.Release|Any CPU.Build.0 = Release|Any CPU
		{080A4AD8-2FCE-4279-907F-A8ED4C4FF45C}.Release|x64.ActiveCfg = Release|Any CPU
		{080A4AD8-2FCE-4279-907F-A8ED4C4FF45C}.Release|x64.Build.0 = Release|Any CPU
		{080A4AD8-2FCE-4279-907F-A8ED4C4FF45C}.Release|x86.ActiveCfg = Release|Any CPU
		{080A4AD8-2FCE-4279-907F-A8ED4C4FF45C}.Release|x86.Build.0 = Release|Any CPU
		{F2F4A99E-18DA-4243-BA0D-F66B53F93C67}.Debug|Any CPU.ActiveCfg = Debug|Any CPU
		{F2F4A99E-18DA-4243-BA0D-F66B53F93C67}.Debug|Any CPU.Build.0 = Debug|Any CPU
		{F2F4A99E-18DA-4243-BA0D-F66B53F93C67}.Debug|x64.ActiveCfg = Debug|Any CPU
		{F2F4A99E-18DA-4243-BA0D-F66B53F93C67}.Debug|x64.Build.0 = Debug|Any CPU
		{F2F4A99E-18DA-4243-BA0D-F66B53F93C67}.Debug|x86.ActiveCfg = Debug|Any CPU
		{F2F4A99E-18DA-4243-BA0D-F66B53F93C67}.Debug|x86.Build.0 = Debug|Any CPU
		{F2F4A99E-18DA-4243-BA0D-F66B53F93C67}.Release|Any CPU.ActiveCfg = Release|Any CPU
		{F2F4A99E-18DA-4243-BA0D-F66B53F93C67}.Release|Any CPU.Build.0 = Release|Any CPU
		{F2F4A99E-18DA-4243-BA0D-F66B53F93C67}.Release|x64.ActiveCfg = Release|Any CPU
		{F2F4A99E-18DA-4243-BA0D-F66B53F93C67}.Release|x64.Build.0 = Release|Any CPU
		{F2F4A99E-18DA-4243-BA0D-F66B53F93C67}.Release|x86.ActiveCfg = Release|Any CPU
		{F2F4A99E-18DA-4243-BA0D-F66B53F93C67}.Release|x86.Build.0 = Release|Any CPU
		{533EAC90-B3C1-42E3-8603-D77305B0E737}.Debug|Any CPU.ActiveCfg = Debug|Any CPU
		{533EAC90-B3C1-42E3-8603-D77305B0E737}.Debug|Any CPU.Build.0 = Debug|Any CPU
		{533EAC90-B3C1-42E3-8603-D77305B0E737}.Debug|x64.ActiveCfg = Debug|Any CPU
		{533EAC90-B3C1-42E3-8603-D77305B0E737}.Debug|x64.Build.0 = Debug|Any CPU
		{533EAC90-B3C1-42E3-8603-D77305B0E737}.Debug|x86.ActiveCfg = Debug|Any CPU
		{533EAC90-B3C1-42E3-8603-D77305B0E737}.Debug|x86.Build.0 = Debug|Any CPU
		{533EAC90-B3C1-42E3-8603-D77305B0E737}.Release|Any CPU.ActiveCfg = Release|Any CPU
		{533EAC90-B3C1-42E3-8603-D77305B0E737}.Release|Any CPU.Build.0 = Release|Any CPU
		{533EAC90-B3C1-42E3-8603-D77305B0E737}.Release|x64.ActiveCfg = Release|Any CPU
		{533EAC90-B3C1-42E3-8603-D77305B0E737}.Release|x64.Build.0 = Release|Any CPU
		{533EAC90-B3C1-42E3-8603-D77305B0E737}.Release|x86.ActiveCfg = Release|Any CPU
		{533EAC90-B3C1-42E3-8603-D77305B0E737}.Release|x86.Build.0 = Release|Any CPU
	EndGlobalSection
	GlobalSection(SolutionProperties) = preSolution
		HideSolutionNode = FALSE
	EndGlobalSection
	GlobalSection(NestedProjects) = preSolution
		{C8E42992-5E42-0C2B-DBFE-AA848D06431C} = {827E0CD3-B72D-47B6-A68D-7590B98EB39B}
		{708FA7C4-56C1-49B6-9C1C-AC4607FDAA5C} = {C8E42992-5E42-0C2B-DBFE-AA848D06431C}
		{EC447DCF-ABFA-6E24-52A5-D7FD48A5C558} = {827E0CD3-B72D-47B6-A68D-7590B98EB39B}
		{72D90D98-2977-7949-81F5-CA55A7205F48} = {EC447DCF-ABFA-6E24-52A5-D7FD48A5C558}
		{A82FA0D4-116D-4195-B42A-B1FEF9376C05} = {72D90D98-2977-7949-81F5-CA55A7205F48}
		{E6A32352-DCFB-4817-B18E-C69E4BDC5EE2} = {72D90D98-2977-7949-81F5-CA55A7205F48}
		{216EA722-6E13-4620-AA92-E85AA2A3026A} = {72D90D98-2977-7949-81F5-CA55A7205F48}
		{9F893C5B-E534-4AF9-B97B-8F0202CF03A9} = {72D90D98-2977-7949-81F5-CA55A7205F48}
		{61DCC6D7-ECE4-129F-6A42-39B2DD414C68} = {EC447DCF-ABFA-6E24-52A5-D7FD48A5C558}
		{A2B87967-FFFC-49DE-8F4F-53C6851EC5DE} = {61DCC6D7-ECE4-129F-6A42-39B2DD414C68}
		{F45822AE-AB11-4843-A0A2-0CA90C792EFD} = {61DCC6D7-ECE4-129F-6A42-39B2DD414C68}
		{BDECC1CD-8BC9-4E7B-9159-8A0A31197B2C} = {61DCC6D7-ECE4-129F-6A42-39B2DD414C68}
		{F680C2EB-C3CB-4050-8845-125AA361E493} = {61DCC6D7-ECE4-129F-6A42-39B2DD414C68}
		{81034408-37C8-1011-444E-4C15C2FADA8E} = {827E0CD3-B72D-47B6-A68D-7590B98EB39B}
		{DEDBADB5-D15C-4653-95A5-981D0340D285} = {81034408-37C8-1011-444E-4C15C2FADA8E}
		{080A4AD8-2FCE-4279-907F-A8ED4C4FF45C} = {0AB3BF05-4346-4AA6-1389-037BE0695223}
		{F2F4A99E-18DA-4243-BA0D-F66B53F93C67} = {0AB3BF05-4346-4AA6-1389-037BE0695223}
		{533EAC90-B3C1-42E3-8603-D77305B0E737} = {0AB3BF05-4346-4AA6-1389-037BE0695223}
	EndGlobalSection
EndGlobal
